// !$*UTF8*$!
{
	archiveVersion = 1;
	classes = {
	};
	objectVersion = 51;
	objects = {

/* Begin PBXBuildFile section */
		6047358F24C5820F005EFE58 /* PostsTableViewController.swift in Sources */ = {isa = PBXBuildFile; fileRef = 6047358E24C5820F005EFE58 /* PostsTableViewController.swift */; };
		6080E65424C5772D0080D1D2 /* AppDelegate.swift in Sources */ = {isa = PBXBuildFile; fileRef = 6080E65324C5772D0080D1D2 /* AppDelegate.swift */; };
		6080E65624C5772D0080D1D2 /* SceneDelegate.swift in Sources */ = {isa = PBXBuildFile; fileRef = 6080E65524C5772D0080D1D2 /* SceneDelegate.swift */; };
		6080E65B24C5772D0080D1D2 /* Main.storyboard in Resources */ = {isa = PBXBuildFile; fileRef = 6080E65924C5772D0080D1D2 /* Main.storyboard */; };
		6080E65D24C5772E0080D1D2 /* Assets.xcassets in Resources */ = {isa = PBXBuildFile; fileRef = 6080E65C24C5772E0080D1D2 /* Assets.xcassets */; };
		6080E66024C5772E0080D1D2 /* LaunchScreen.storyboard in Resources */ = {isa = PBXBuildFile; fileRef = 6080E65E24C5772E0080D1D2 /* LaunchScreen.storyboard */; };
		6080E66824C579550080D1D2 /* NetworkManager.swift in Sources */ = {isa = PBXBuildFile; fileRef = 6080E66724C579550080D1D2 /* NetworkManager.swift */; };
		6080E66A24C57B640080D1D2 /* LaunchViewController.swift in Sources */ = {isa = PBXBuildFile; fileRef = 6080E66924C57B640080D1D2 /* LaunchViewController.swift */; };
		6080E66D24C57EC80080D1D2 /* OfflineViewController.swift in Sources */ = {isa = PBXBuildFile; fileRef = 6080E66C24C57EC80080D1D2 /* OfflineViewController.swift */; };
		BB969AEDD066D85B3D9ECDE7 /* Pods_ReachabilitySwift.framework in Frameworks */ = {isa = PBXBuildFile; fileRef = 4237007E5AA8C5A0F1C81EE0 /* Pods_ReachabilitySwift.framework */; };
/* End PBXBuildFile section */

/* Begin PBXFileReference section */
		0B4091BC85FB680037FAF49D /* Pods-ReachabilitySwift.release.xcconfig */ = {isa = PBXFileReference; includeInIndex = 1; lastKnownFileType = text.xcconfig; name = "Pods-ReachabilitySwift.release.xcconfig"; path = "Target Support Files/Pods-ReachabilitySwift/Pods-ReachabilitySwift.release.xcconfig"; sourceTree = "<group>"; };
		4237007E5AA8C5A0F1C81EE0 /* Pods_ReachabilitySwift.framework */ = {isa = PBXFileReference; explicitFileType = wrapper.framework; includeInIndex = 0; path = Pods_ReachabilitySwift.framework; sourceTree = BUILT_PRODUCTS_DIR; };
		6047358E24C5820F005EFE58 /* PostsTableViewController.swift */ = {isa = PBXFileReference; lastKnownFileType = sourcecode.swift; path = PostsTableViewController.swift; sourceTree = "<group>"; };
		6080E65024C5772D0080D1D2 /* ReachabilitySwift.app */ = {isa = PBXFileReference; explicitFileType = wrapper.application; includeInIndex = 0; path = ReachabilitySwift.app; sourceTree = BUILT_PRODUCTS_DIR; };
		6080E65324C5772D0080D1D2 /* AppDelegate.swift */ = {isa = PBXFileReference; lastKnownFileType = sourcecode.swift; path = AppDelegate.swift; sourceTree = "<group>"; };
		6080E65524C5772D0080D1D2 /* SceneDelegate.swift */ = {isa = PBXFileReference; lastKnownFileType = sourcecode.swift; path = SceneDelegate.swift; sourceTree = "<group>"; };
		6080E65A24C5772D0080D1D2 /* Base */ = {isa = PBXFileReference; lastKnownFileType = file.storyboard; name = Base; path = Base.lproj/Main.storyboard; sourceTree = "<group>"; };
		6080E65C24C5772E0080D1D2 /* Assets.xcassets */ = {isa = PBXFileReference; lastKnownFileType = folder.assetcatalog; path = Assets.xcassets; sourceTree = "<group>"; };
		6080E65F24C5772E0080D1D2 /* Base */ = {isa = PBXFileReference; lastKnownFileType = file.storyboard; name = Base; path = Base.lproj/LaunchScreen.storyboard; sourceTree = "<group>"; };
		6080E66124C5772E0080D1D2 /* Info.plist */ = {isa = PBXFileReference; lastKnownFileType = text.plist.xml; path = Info.plist; sourceTree = "<group>"; };
		6080E66724C579550080D1D2 /* NetworkManager.swift */ = {isa = PBXFileReference; lastKnownFileType = sourcecode.swift; path = NetworkManager.swift; sourceTree = "<group>"; };
		6080E66924C57B640080D1D2 /* LaunchViewController.swift */ = {isa = PBXFileReference; lastKnownFileType = sourcecode.swift; path = LaunchViewController.swift; sourceTree = "<group>"; };
		6080E66C24C57EC80080D1D2 /* OfflineViewController.swift */ = {isa = PBXFileReference; lastKnownFileType = sourcecode.swift; path = OfflineViewController.swift; sourceTree = "<group>"; };
		DBA051D3588C81E7E1D7BB12 /* Pods-ReachabilitySwift.debug.xcconfig */ = {isa = PBXFileReference; includeInIndex = 1; lastKnownFileType = text.xcconfig; name = "Pods-ReachabilitySwift.debug.xcconfig"; path = "Target Support Files/Pods-ReachabilitySwift/Pods-ReachabilitySwift.debug.xcconfig"; sourceTree = "<group>"; };
/* End PBXFileReference section */

/* Begin PBXFrameworksBuildPhase section */
		6080E64D24C5772D0080D1D2 /* Frameworks */ = {
			isa = PBXFrameworksBuildPhase;
			buildActionMask = 2147483647;
			files = (
				BB969AEDD066D85B3D9ECDE7 /* Pods_ReachabilitySwift.framework in Frameworks */,
			);
			runOnlyForDeploymentPostprocessing = 0;
		};
/* End PBXFrameworksBuildPhase section */

/* Begin PBXGroup section */
		1AF53D6C7C890D778CD08CC9 /* Pods */ = {
			isa = PBXGroup;
			children = (
				DBA051D3588C81E7E1D7BB12 /* Pods-ReachabilitySwift.debug.xcconfig */,
				0B4091BC85FB680037FAF49D /* Pods-ReachabilitySwift.release.xcconfig */,
			);
			path = Pods;
			sourceTree = "<group>";
		};
		6080E64724C5772D0080D1D2 = {
			isa = PBXGroup;
			children = (
				6080E65224C5772D0080D1D2 /* ReachabilitySwift */,
				6080E65124C5772D0080D1D2 /* Products */,
				1AF53D6C7C890D778CD08CC9 /* Pods */,
				FF91695D49A6F601EC8D5DCA /* Frameworks */,
			);
			sourceTree = "<group>";
		};
		6080E65124C5772D0080D1D2 /* Products */ = {
			isa = PBXGroup;
			children = (
				6080E65024C5772D0080D1D2 /* ReachabilitySwift.app */,
			);
			name = Products;
			sourceTree = "<group>";
		};
		6080E65224C5772D0080D1D2 /* ReachabilitySwift */ = {
			isa = PBXGroup;
			children = (
				6080E65324C5772D0080D1D2 /* AppDelegate.swift */,
				6080E65524C5772D0080D1D2 /* SceneDelegate.swift */,
				6080E65924C5772D0080D1D2 /* Main.storyboard */,
				6080E65C24C5772E0080D1D2 /* Assets.xcassets */,
				6080E65E24C5772E0080D1D2 /* LaunchScreen.storyboard */,
				6080E66124C5772E0080D1D2 /* Info.plist */,
				6080E66B24C57BFB0080D1D2 /* ReachabilitySwift */,
				6047358E24C5820F005EFE58 /* PostsTableViewController.swift */,
			);
			path = ReachabilitySwift;
			sourceTree = "<group>";
		};
		6080E66B24C57BFB0080D1D2 /* ReachabilitySwift */ = {
			isa = PBXGroup;
			children = (
				6080E66724C579550080D1D2 /* NetworkManager.swift */,
				6080E66924C57B640080D1D2 /* LaunchViewController.swift */,
				6080E66C24C57EC80080D1D2 /* OfflineViewController.swift */,
			);
			path = ReachabilitySwift;
			sourceTree = "<group>";
		};
		FF91695D49A6F601EC8D5DCA /* Frameworks */ = {
			isa = PBXGroup;
			children = (
				4237007E5AA8C5A0F1C81EE0 /* Pods_ReachabilitySwift.framework */,
			);
			name = Frameworks;
			sourceTree = "<group>";
		};
/* End PBXGroup section */

/* Begin PBXNativeTarget section */
		6080E64F24C5772D0080D1D2 /* ReachabilitySwift */ = {
			isa = PBXNativeTarget;
			buildConfigurationList = 6080E66424C5772E0080D1D2 /* Build configuration list for PBXNativeTarget "ReachabilitySwift" */;
			buildPhases = (
				613A9744D5B36BC2AF3275F1 /* [CP] Check Pods Manifest.lock */,
				6080E64C24C5772D0080D1D2 /* Sources */,
				6080E64D24C5772D0080D1D2 /* Frameworks */,
				6080E64E24C5772D0080D1D2 /* Resources */,
				B8896B29B8482C7BEA4D6A70 /* [CP] Embed Pods Frameworks */,
			);
			buildRules = (
			);
			dependencies = (
			);
			name = ReachabilitySwift;
			productName = ReachabilitySwift;
			productReference = 6080E65024C5772D0080D1D2 /* ReachabilitySwift.app */;
			productType = "com.apple.product-type.application";
		};
/* End PBXNativeTarget section */

/* Begin PBXProject section */
		6080E64824C5772D0080D1D2 /* Project object */ = {
			isa = PBXProject;
			attributes = {
				LastSwiftUpdateCheck = 1130;
				LastUpgradeCheck = 1130;
				ORGANIZATIONNAME = "Mohamed Samir";
				TargetAttributes = {
					6080E64F24C5772D0080D1D2 = {
						CreatedOnToolsVersion = 11.3.1;
					};
				};
			};
			buildConfigurationList = 6080E64B24C5772D0080D1D2 /* Build configuration list for PBXProject "ReachabilitySwift" */;
			compatibilityVersion = "Xcode 9.3";
			developmentRegion = en;
			hasScannedForEncodings = 0;
			knownRegions = (
				en,
				Base,
			);
			mainGroup = 6080E64724C5772D0080D1D2;
			productRefGroup = 6080E65124C5772D0080D1D2 /* Products */;
			projectDirPath = "";
			projectRoot = "";
			targets = (
				6080E64F24C5772D0080D1D2 /* ReachabilitySwift */,
			);
		};
/* End PBXProject section */

/* Begin PBXResourcesBuildPhase section */
		6080E64E24C5772D0080D1D2 /* Resources */ = {
			isa = PBXResourcesBuildPhase;
			buildActionMask = 2147483647;
			files = (
				6080E66024C5772E0080D1D2 /* LaunchScreen.storyboard in Resources */,
				6080E65D24C5772E0080D1D2 /* Assets.xcassets in Resources */,
				6080E65B24C5772D0080D1D2 /* Main.storyboard in Resources */,
			);
			runOnlyForDeploymentPostprocessing = 0;
		};
/* End PBXResourcesBuildPhase section */

/* Begin PBXShellScriptBuildPhase section */
		613A9744D5B36BC2AF3275F1 /* [CP] Check Pods Manifest.lock */ = {
			isa = PBXShellScriptBuildPhase;
			buildActionMask = 2147483647;
			files = (
			);
			inputFileListPaths = (
			);
			inputPaths = (
				"${PODS_PODFILE_DIR_PATH}/Podfile.lock",
				"${PODS_ROOT}/Manifest.lock",
			);
			name = "[CP] Check Pods Manifest.lock";
			outputFileListPaths = (
			);
			outputPaths = (
				"$(DERIVED_FILE_DIR)/Pods-ReachabilitySwift-checkManifestLockResult.txt",
			);
			runOnlyForDeploymentPostprocessing = 0;
			shellPath = /bin/sh;
			shellScript = "diff \"${PODS_PODFILE_DIR_PATH}/Podfile.lock\" \"${PODS_ROOT}/Manifest.lock\" > /dev/null\nif [ $? != 0 ] ; then\n    # print error to STDERR\n    echo \"error: The sandbox is not in sync with the Podfile.lock. Run 'pod install' or update your CocoaPods installation.\" >&2\n    exit 1\nfi\n# This output is used by Xcode 'outputs' to avoid re-running this script phase.\necho \"SUCCESS\" > \"${SCRIPT_OUTPUT_FILE_0}\"\n";
			showEnvVarsInLog = 0;
		};
		B8896B29B8482C7BEA4D6A70 /* [CP] Embed Pods Frameworks */ = {
			isa = PBXShellScriptBuildPhase;
			buildActionMask = 2147483647;
			files = (
			);
			inputFileListPaths = (
				"${PODS_ROOT}/Target Support Files/Pods-ReachabilitySwift/Pods-ReachabilitySwift-frameworks-${CONFIGURATION}-input-files.xcfilelist",
			);
			name = "[CP] Embed Pods Frameworks";
			outputFileListPaths = (
				"${PODS_ROOT}/Target Support Files/Pods-ReachabilitySwift/Pods-ReachabilitySwift-frameworks-${CONFIGURATION}-output-files.xcfilelist",
			);
			runOnlyForDeploymentPostprocessing = 0;
			shellPath = /bin/sh;
			shellScript = "\"${PODS_ROOT}/Target Support Files/Pods-ReachabilitySwift/Pods-ReachabilitySwift-frameworks.sh\"\n";
			showEnvVarsInLog = 0;
		};
/* End PBXShellScriptBuildPhase section */

/* Begin PBXSourcesBuildPhase section */
		6080E64C24C5772D0080D1D2 /* Sources */ = {
			isa = PBXSourcesBuildPhase;
			buildActionMask = 2147483647;
			files = (
				6080E66D24C57EC80080D1D2 /* OfflineViewController.swift in Sources */,
				6047358F24C5820F005EFE58 /* PostsTableViewController.swift in Sources */,
				6080E66824C579550080D1D2 /* NetworkManager.swift in Sources */,
				6080E66A24C57B640080D1D2 /* LaunchViewController.swift in Sources */,
				6080E65424C5772D0080D1D2 /* AppDelegate.swift in Sources */,
				6080E65624C5772D0080D1D2 /* SceneDelegate.swift in Sources */,
			);
			runOnlyForDeploymentPostprocessing = 0;
		};
/* End PBXSourcesBuildPhase section */

/* Begin PBXVariantGroup section */
		6080E65924C5772D0080D1D2 /* Main.storyboard */ = {
			isa = PBXVariantGroup;
			children = (
				6080E65A24C5772D0080D1D2 /* Base */,
			);
			name = Main.storyboard;
			sourceTree = "<group>";
		};
		6080E65E24C5772E0080D1D2 /* LaunchScreen.storyboard */ = {
			isa = PBXVariantGroup;
			children = (
				6080E65F24C5772E0080D1D2 /* Base */,
			);
			name = LaunchScreen.storyboard;
			sourceTree = "<group>";
		};
/* End PBXVariantGroup section */

/* Begin XCBuildConfiguration section */
		6080E66224C5772E0080D1D2 /* Debug */ = {
			isa = XCBuildConfiguration;
			buildSettings = {
				ALWAYS_SEARCH_USER_PATHS = NO;
				CLANG_ANALYZER_NONNULL = YES;
				CLANG_ANALYZER_NUMBER_OBJECT_CONVERSION = YES_AGGRESSIVE;
				CLANG_CXX_LANGUAGE_STANDARD = "gnu++14";
				CLANG_CXX_LIBRARY = "libc++";
				CLANG_ENABLE_MODULES = YES;
				CLANG_ENABLE_OBJC_ARC = YES;
				CLANG_ENABLE_OBJC_WEAK = YES;
				CLANG_WARN_BLOCK_CAPTURE_AUTORELEASING = YES;
				CLANG_WARN_BOOL_CONVERSION = YES;
				CLANG_WARN_COMMA = YES;
				CLANG_WARN_CONSTANT_CONVERSION = YES;
				CLANG_WARN_DEPRECATED_OBJC_IMPLEMENTATIONS = YES;
				CLANG_WARN_DIRECT_OBJC_ISA_USAGE = YES_ERROR;
				CLANG_WARN_DOCUMENTATION_COMMENTS = YES;
				CLANG_WARN_EMPTY_BODY = YES;
				CLANG_WARN_ENUM_CONVERSION = YES;
				CLANG_WARN_INFINITE_RECURSION = YES;
				CLANG_WARN_INT_CONVERSION = YES;
				CLANG_WARN_NON_LITERAL_NULL_CONVERSION = YES;
				CLANG_WARN_OBJC_IMPLICIT_RETAIN_SELF = YES;
				CLANG_WARN_OBJC_LITERAL_CONVERSION = YES;
				CLANG_WARN_OBJC_ROOT_CLASS = YES_ERROR;
				CLANG_WARN_RANGE_LOOP_ANALYSIS = YES;
				CLANG_WARN_STRICT_PROTOTYPES = YES;
				CLANG_WARN_SUSPICIOUS_MOVE = YES;
				CLANG_WARN_UNGUARDED_AVAILABILITY = YES_AGGRESSIVE;
				CLANG_WARN_UNREACHABLE_CODE = YES;
				CLANG_WARN__DUPLICATE_METHOD_MATCH = YES;
				COPY_PHASE_STRIP = NO;
				DEBUG_INFORMATION_FORMAT = dwarf;
				ENABLE_STRICT_OBJC_MSGSEND = YES;
				ENABLE_TESTABILITY = YES;
				GCC_C_LANGUAGE_STANDARD = gnu11;
				GCC_DYNAMIC_NO_PIC = NO;
				GCC_NO_COMMON_BLOCKS = YES;
				GCC_OPTIMIZATION_LEVEL = 0;
				GCC_PREPROCESSOR_DEFINITIONS = (
					"DEBUG=1",
					"$(inherited)",
				);
				GCC_WARN_64_TO_32_BIT_CONVERSION = YES;
				GCC_WARN_ABOUT_RETURN_TYPE = YES_ERROR;
				GCC_WARN_UNDECLARED_SELECTOR = YES;
				GCC_WARN_UNINITIALIZED_AUTOS = YES_AGGRESSIVE;
				GCC_WARN_UNUSED_FUNCTION = YES;
				GCC_WARN_UNUSED_VARIABLE = YES;
				IPHONEOS_DEPLOYMENT_TARGET = 13.2;
				MTL_ENABLE_DEBUG_INFO = INCLUDE_SOURCE;
				MTL_FAST_MATH = YES;
				ONLY_ACTIVE_ARCH = YES;
				SDKROOT = iphoneos;
				SWIFT_ACTIVE_COMPILATION_CONDITIONS = DEBUG;
				SWIFT_OPTIMIZATION_LEVEL = "-Onone";
			};
			name = Debug;
		};
		6080E66324C5772E0080D1D2 /* Release */ = {
			isa = XCBuildConfiguration;
			buildSettings = {
				ALWAYS_SEARCH_USER_PATHS = NO;
				CLANG_ANALYZER_NONNULL = YES;
				CLANG_ANALYZER_NUMBER_OBJECT_CONVERSION = YES_AGGRESSIVE;
				CLANG_CXX_LANGUAGE_STANDARD = "gnu++14";
				CLANG_CXX_LIBRARY = "libc++";
				CLANG_ENABLE_MODULES = YES;
				CLANG_ENABLE_OBJC_ARC = YES;
				CLANG_ENABLE_OBJC_WEAK = YES;
				CLANG_WARN_BLOCK_CAPTURE_AUTORELEASING = YES;
				CLANG_WARN_BOOL_CONVERSION = YES;
				CLANG_WARN_COMMA = YES;
				CLANG_WARN_CONSTANT_CONVERSION = YES;
				CLANG_WARN_DEPRECATED_OBJC_IMPLEMENTATIONS = YES;
				CLANG_WARN_DIRECT_OBJC_ISA_USAGE = YES_ERROR;
				CLANG_WARN_DOCUMENTATION_COMMENTS = YES;
				CLANG_WARN_EMPTY_BODY = YES;
				CLANG_WARN_ENUM_CONVERSION = YES;
				CLANG_WARN_INFINITE_RECURSION = YES;
				CLANG_WARN_INT_CONVERSION = YES;
				CLANG_WARN_NON_LITERAL_NULL_CONVERSION = YES;
				CLANG_WARN_OBJC_IMPLICIT_RETAIN_SELF = YES;
				CLANG_WARN_OBJC_LITERAL_CONVERSION = YES;
				CLANG_WARN_OBJC_ROOT_CLASS = YES_ERROR;
				CLANG_WARN_RANGE_LOOP_ANALYSIS = YES;
				CLANG_WARN_STRICT_PROTOTYPES = YES;
				CLANG_WARN_SUSPICIOUS_MOVE = YES;
				CLANG_WARN_UNGUARDED_AVAILABILITY = YES_AGGRESSIVE;
				CLANG_WARN_UNREACHABLE_CODE = YES;
				CLANG_WARN__DUPLICATE_METHOD_MATCH = YES;
				COPY_PHASE_STRIP = NO;
				DEBUG_INFORMATION_FORMAT = "dwarf-with-dsym";
				ENABLE_NS_ASSERTIONS = NO;
				ENABLE_STRICT_OBJC_MSGSEND = YES;
				GCC_C_LANGUAGE_STANDARD = gnu11;
				GCC_NO_COMMON_BLOCKS = YES;
				GCC_WARN_64_TO_32_BIT_CONVERSION = YES;
				GCC_WARN_ABOUT_RETURN_TYPE = YES_ERROR;
				GCC_WARN_UNDECLARED_SELECTOR = YES;
				GCC_WARN_UNINITIALIZED_AUTOS = YES_AGGRESSIVE;
				GCC_WARN_UNUSED_FUNCTION = YES;
				GCC_WARN_UNUSED_VARIABLE = YES;
				IPHONEOS_DEPLOYMENT_TARGET = 13.2;
				MTL_ENABLE_DEBUG_INFO = NO;
				MTL_FAST_MATH = YES;
				SDKROOT = iphoneos;
				SWIFT_COMPILATION_MODE = wholemodule;
				SWIFT_OPTIMIZATION_LEVEL = "-O";
				VALIDATE_PRODUCT = YES;
			};
			name = Release;
		};
		6080E66524C5772E0080D1D2 /* Debug */ = {
			isa = XCBuildConfiguration;
			baseConfigurationReference = DBA051D3588C81E7E1D7BB12 /* Pods-ReachabilitySwift.debug.xcconfig */;
			buildSettings = {
				ASSETCATALOG_COMPILER_APPICON_NAME = AppIcon;
				CODE_SIGN_STYLE = Automatic;
				DEVELOPMENT_TEAM = 4A3GDCJZQY;
				INFOPLIST_FILE = ReachabilitySwift/Info.plist;
				LD_RUNPATH_SEARCH_PATHS = (
					"$(inherited)",
					"@executable_path/Frameworks",
				);
				PRODUCT_BUNDLE_IDENTIFIER = uyuyu.ReachabilitySwift;
				PRODUCT_NAME = "$(TARGET_NAME)";
				SWIFT_VERSION = 5.0;
				TARGETED_DEVICE_FAMILY = "1,2";
			};
			name = Debug;
		};
		6080E66624C5772E0080D1D2 /* Release */ = {
			isa = XCBuildConfiguration;
			baseConfigurationReference = 0B4091BC85FB680037FAF49D /* Pods-ReachabilitySwift.release.xcconfig */;
			buildSettings = {
				ASSETCATALOG_COMPILER_APPICON_NAME = AppIcon;
				CODE_SIGN_STYLE = Automatic;
				DEVELOPMENT_TEAM = 4A3GDCJZQY;
				INFOPLIST_FILE = ReachabilitySwift/Info.plist;
				LD_RUNPATH_SEARCH_PATHS = (
					"$(inherited)",
					"@executable_path/Frameworks",
				);
				PRODUCT_BUNDLE_IDENTIFIER = uyuyu.ReachabilitySwift;
				PRODUCT_NAME = "$(TARGET_NAME)";
				SWIFT_VERSION = 5.0;
				TARGETED_DEVICE_FAMILY = "1,2";
			};
			name = Release;
		};
/* End XCBuildConfiguration section */

/* Begin XCConfigurationList section */
		6080E64B24C5772D0080D1D2 /* Build configuration list for PBXProject "ReachabilitySwift" */ = {
			isa = XCConfigurationList;
			buildConfigurations = (
				6080E66224C5772E0080D1D2 /* Debug */,
				6080E66324C5772E0080D1D2 /* Release */,
			);
			defaultConfigurationIsVisible = 0;
			defaultConfigurationName = Release;
		};
		6080E66424C5772E0080D1D2 /* Build configuration list for PBXNativeTarget "ReachabilitySwift" */ = {
			isa = XCConfigurationList;
			buildConfigurations = (
				6080E66524C5772E0080D1D2 /* Debug */,
				6080E66624C5772E0080D1D2 /* Release */,
			);
			defaultConfigurationIsVisible = 0;
			defaultConfigurationName = Release;
		};
/* End XCConfigurationList section */
	};
	rootObject = 6080E64824C5772D0080D1D2 /* Project object */;
}
